// !$*UTF8*$!
{
	archiveVersion = 1;
	classes = {
	};
	objectVersion = 46;
	objects = {

/* Begin PBXBuildFile section */
		011AE2A01D4B9200000E468D /* Photo.swift in Sources */ = {isa = PBXBuildFile; fileRef = 011AE29F1D4B9200000E468D /* Photo.swift */; };
		015111571D54E393004682EB /* PhotoDataSource.swift in Sources */ = {isa = PBXBuildFile; fileRef = 015111561D54E393004682EB /* PhotoDataSource.swift */; };
		0151115D1D54EA0C004682EB /* PhotoCollectionViewCell.swift in Sources */ = {isa = PBXBuildFile; fileRef = 0151115C1D54EA0C004682EB /* PhotoCollectionViewCell.swift */; };
		8451DEC01D494FD7002B9B8C /* AppDelegate.swift in Sources */ = {isa = PBXBuildFile; fileRef = 8451DEBF1D494FD7002B9B8C /* AppDelegate.swift */; };
		8451DEC21D494FD7002B9B8C /* ViewController.swift in Sources */ = {isa = PBXBuildFile; fileRef = 8451DEC11D494FD7002B9B8C /* ViewController.swift */; };
		8451DEC51D494FD7002B9B8C /* Main.storyboard in Resources */ = {isa = PBXBuildFile; fileRef = 8451DEC31D494FD7002B9B8C /* Main.storyboard */; };
		8451DEC71D494FD7002B9B8C /* Assets.xcassets in Resources */ = {isa = PBXBuildFile; fileRef = 8451DEC61D494FD7002B9B8C /* Assets.xcassets */; };
		8451DECA1D494FD7002B9B8C /* LaunchScreen.storyboard in Resources */ = {isa = PBXBuildFile; fileRef = 8451DEC81D494FD7002B9B8C /* LaunchScreen.storyboard */; };
		8451DED31D4951B6002B9B8C /* PhotosViewController.swift in Sources */ = {isa = PBXBuildFile; fileRef = 8451DED21D4951B6002B9B8C /* PhotosViewController.swift */; };
		8451DED51D4956E8002B9B8C /* FlickrAPI.swift in Sources */ = {isa = PBXBuildFile; fileRef = 8451DED41D4956E8002B9B8C /* FlickrAPI.swift */; };
		8451DED71D495E68002B9B8C /* PhotoStore.swift in Sources */ = {isa = PBXBuildFile; fileRef = 8451DED61D495E68002B9B8C /* PhotoStore.swift */; };
/* End PBXBuildFile section */

/* Begin PBXFileReference section */
		011AE29F1D4B9200000E468D /* Photo.swift */ = {isa = PBXFileReference; fileEncoding = 4; lastKnownFileType = sourcecode.swift; path = Photo.swift; sourceTree = "<group>"; };
		015111561D54E393004682EB /* PhotoDataSource.swift */ = {isa = PBXFileReference; fileEncoding = 4; lastKnownFileType = sourcecode.swift; path = PhotoDataSource.swift; sourceTree = "<group>"; };
		0151115C1D54EA0C004682EB /* PhotoCollectionViewCell.swift */ = {isa = PBXFileReference; fileEncoding = 4; lastKnownFileType = sourcecode.swift; path = PhotoCollectionViewCell.swift; sourceTree = "<group>"; };
		8451DEBC1D494FD7002B9B8C /* Photorama.app */ = {isa = PBXFileReference; explicitFileType = wrapper.application; includeInIndex = 0; path = Photorama.app; sourceTree = BUILT_PRODUCTS_DIR; };
		8451DEBF1D494FD7002B9B8C /* AppDelegate.swift */ = {isa = PBXFileReference; lastKnownFileType = sourcecode.swift; path = AppDelegate.swift; sourceTree = "<group>"; };
		8451DEC11D494FD7002B9B8C /* ViewController.swift */ = {isa = PBXFileReference; lastKnownFileType = sourcecode.swift; path = ViewController.swift; sourceTree = "<group>"; };
		8451DEC41D494FD7002B9B8C /* Base */ = {isa = PBXFileReference; lastKnownFileType = file.storyboard; name = Base; path = Base.lproj/Main.storyboard; sourceTree = "<group>"; };
		8451DEC61D494FD7002B9B8C /* Assets.xcassets */ = {isa = PBXFileReference; lastKnownFileType = folder.assetcatalog; path = Assets.xcassets; sourceTree = "<group>"; };
		8451DEC91D494FD7002B9B8C /* Base */ = {isa = PBXFileReference; lastKnownFileType = file.storyboard; name = Base; path = Base.lproj/LaunchScreen.storyboard; sourceTree = "<group>"; };
		8451DECB1D494FD7002B9B8C /* Info.plist */ = {isa = PBXFileReference; lastKnownFileType = text.plist.xml; path = Info.plist; sourceTree = "<group>"; };
		8451DED21D4951B6002B9B8C /* PhotosViewController.swift */ = {isa = PBXFileReference; fileEncoding = 4; lastKnownFileType = sourcecode.swift; path = PhotosViewController.swift; sourceTree = "<group>"; };
		8451DED41D4956E8002B9B8C /* FlickrAPI.swift */ = {isa = PBXFileReference; fileEncoding = 4; lastKnownFileType = sourcecode.swift; path = FlickrAPI.swift; sourceTree = "<group>"; };
		8451DED61D495E68002B9B8C /* PhotoStore.swift */ = {isa = PBXFileReference; fileEncoding = 4; lastKnownFileType = sourcecode.swift; path = PhotoStore.swift; sourceTree = "<group>"; };
/* End PBXFileReference section */

/* Begin PBXFrameworksBuildPhase section */
		8451DEB91D494FD7002B9B8C /* Frameworks */ = {
			isa = PBXFrameworksBuildPhase;
			buildActionMask = 2147483647;
			files = (
			);
			runOnlyForDeploymentPostprocessing = 0;
		};
/* End PBXFrameworksBuildPhase section */

/* Begin PBXGroup section */
		015111581D54E39D004682EB /* Model */ = {
			isa = PBXGroup;
			children = (
				015111561D54E393004682EB /* PhotoDataSource.swift */,
				8451DED61D495E68002B9B8C /* PhotoStore.swift */,
				8451DED41D4956E8002B9B8C /* FlickrAPI.swift */,
				011AE29F1D4B9200000E468D /* Photo.swift */,
			);
			name = Model;
			sourceTree = "<group>";
		};
		0151115A1D54E3AB004682EB /* View */ = {
			isa = PBXGroup;
			children = (
				0151115C1D54EA0C004682EB /* PhotoCollectionViewCell.swift */,
			);
			name = View;
			sourceTree = "<group>";
		};
		0151115B1D54E3B0004682EB /* Controller */ = {
			isa = PBXGroup;
			children = (
				8451DEC11D494FD7002B9B8C /* ViewController.swift */,
				8451DED21D4951B6002B9B8C /* PhotosViewController.swift */,
			);
			name = Controller;
			sourceTree = "<group>";
		};
		8451DEB31D494FD7002B9B8C = {
			isa = PBXGroup;
			children = (
				8451DEBE1D494FD7002B9B8C /* Photorama */,
				8451DEBD1D494FD7002B9B8C /* Products */,
			);
			sourceTree = "<group>";
		};
		8451DEBD1D494FD7002B9B8C /* Products */ = {
			isa = PBXGroup;
			children = (
				8451DEBC1D494FD7002B9B8C /* Photorama.app */,
			);
			name = Products;
			sourceTree = "<group>";
		};
		8451DEBE1D494FD7002B9B8C /* Photorama */ = {
			isa = PBXGroup;
			children = (
				0151115B1D54E3B0004682EB /* Controller */,
				0151115A1D54E3AB004682EB /* View */,
				015111581D54E39D004682EB /* Model */,
				8451DEBF1D494FD7002B9B8C /* AppDelegate.swift */,
				8451DEC31D494FD7002B9B8C /* Main.storyboard */,
				8451DEC61D494FD7002B9B8C /* Assets.xcassets */,
				8451DEC81D494FD7002B9B8C /* LaunchScreen.storyboard */,
				8451DECB1D494FD7002B9B8C /* Info.plist */,
			);
			path = Photorama;
			sourceTree = "<group>";
		};
/* End PBXGroup section */

/* Begin PBXNativeTarget section */
		8451DEBB1D494FD7002B9B8C /* Photorama */ = {
			isa = PBXNativeTarget;
			buildConfigurationList = 8451DECE1D494FD7002B9B8C /* Build configuration list for PBXNativeTarget "Photorama" */;
			buildPhases = (
				8451DEB81D494FD7002B9B8C /* Sources */,
				8451DEB91D494FD7002B9B8C /* Frameworks */,
				8451DEBA1D494FD7002B9B8C /* Resources */,
			);
			buildRules = (
			);
			dependencies = (
			);
			name = Photorama;
			productName = Photorama;
			productReference = 8451DEBC1D494FD7002B9B8C /* Photorama.app */;
			productType = "com.apple.product-type.application";
		};
/* End PBXNativeTarget section */

/* Begin PBXProject section */
		8451DEB41D494FD7002B9B8C /* Project object */ = {
			isa = PBXProject;
			attributes = {
				LastSwiftUpdateCheck = 0730;
				LastUpgradeCheck = 0730;
				ORGANIZATIONNAME = admin;
				TargetAttributes = {
					8451DEBB1D494FD7002B9B8C = {
						CreatedOnToolsVersion = 7.3.1;
					};
				};
			};
			buildConfigurationList = 8451DEB71D494FD7002B9B8C /* Build configuration list for PBXProject "Photorama" */;
			compatibilityVersion = "Xcode 3.2";
			developmentRegion = English;
			hasScannedForEncodings = 0;
			knownRegions = (
				en,
				Base,
			);
			mainGroup = 8451DEB31D494FD7002B9B8C;
			productRefGroup = 8451DEBD1D494FD7002B9B8C /* Products */;
			projectDirPath = "";
			projectRoot = "";
			targets = (
				8451DEBB1D494FD7002B9B8C /* Photorama */,
			);
		};
/* End PBXProject section */

/* Begin PBXResourcesBuildPhase section */
		8451DEBA1D494FD7002B9B8C /* Resources */ = {
			isa = PBXResourcesBuildPhase;
			buildActionMask = 2147483647;
			files = (
				8451DECA1D494FD7002B9B8C /* LaunchScreen.storyboard in Resources */,
				8451DEC71D494FD7002B9B8C /* Assets.xcassets in Resources */,
				8451DEC51D494FD7002B9B8C /* Main.storyboard in Resources */,
			);
			runOnlyForDeploymentPostprocessing = 0;
		};
/* End PBXResourcesBuildPhase section */

/* Begin PBXSourcesBuildPhase section */
		8451DEB81D494FD7002B9B8C /* Sources */ = {
			isa = PBXSourcesBuildPhase;
			buildActionMask = 2147483647;
			files = (
				011AE2A01D4B9200000E468D /* Photo.swift in Sources */,
				0151115D1D54EA0C004682EB /* PhotoCollectionViewCell.swift in Sources */,
				015111571D54E393004682EB /* PhotoDataSource.swift in Sources */,
				8451DED71D495E68002B9B8C /* PhotoStore.swift in Sources */,
				8451DED31D4951B6002B9B8C /* PhotosViewController.swift in Sources */,
				8451DEC21D494FD7002B9B8C /* ViewController.swift in Sources */,
				8451DEC01D494FD7002B9B8C /* AppDelegate.swift in Sources */,
				8451DED51D4956E8002B9B8C /* FlickrAPI.swift in Sources */,
			);
			runOnlyForDeploymentPostprocessing = 0;
		};
/* End PBXSourcesBuildPhase section */

/* Begin PBXVariantGroup section */
		8451DEC31D494FD7002B9B8C /* Main.storyboard */ = {
			isa = PBXVariantGroup;
			children = (
				8451DEC41D494FD7002B9B8C /* Base */,
			);
			name = Main.storyboard;
			sourceTree = "<group>";
		};
		8451DEC81D494FD7002B9B8C /* LaunchScreen.storyboard */ = {
			isa = PBXVariantGroup;
			children = (
				8451DEC91D494FD7002B9B8C /* Base */,
			);
			name = LaunchScreen.storyboard;
			sourceTree = "<group>";
		};
/* End PBXVariantGroup section */

/* Begin XCBuildConfiguration section */
		8451DECC1D494FD7002B9B8C /* Debug */ = {
			isa = XCBuildConfiguration;
			buildSettings = {
				ALWAYS_SEARCH_USER_PATHS = NO;
				CLANG_ANALYZER_NONNULL = YES;
				CLANG_CXX_LANGUAGE_STANDARD = "gnu++0x";
				CLANG_CXX_LIBRARY = "libc++";
				CLANG_ENABLE_MODULES = YES;
				CLANG_ENABLE_OBJC_ARC = YES;
				CLANG_WARN_BOOL_CONVERSION = YES;
				CLANG_WARN_CONSTANT_CONVERSION = YES;
				CLANG_WARN_DIRECT_OBJC_ISA_USAGE = YES_ERROR;
				CLANG_WARN_EMPTY_BODY = YES;
				CLANG_WARN_ENUM_CONVERSION = YES;
				CLANG_WARN_INT_CONVERSION = YES;
				CLANG_WARN_OBJC_ROOT_CLASS = YES_ERROR;
				CLANG_WARN_UNREACHABLE_CODE = YES;
				CLANG_WARN__DUPLICATE_METHOD_MATCH = YES;
				"CODE_SIGN_IDENTITY[sdk=iphoneos*]" = "iPhone Developer";
				COPY_PHASE_STRIP = NO;
				DEBUG_INFORMATION_FORMAT = dwarf;
				ENABLE_STRICT_OBJC_MSGSEND = YES;
				ENABLE_TESTABILITY = YES;
				GCC_C_LANGUAGE_STANDARD = gnu99;
				GCC_DYNAMIC_NO_PIC = NO;
				GCC_NO_COMMON_BLOCKS = YES;
				GCC_OPTIMIZATION_LEVEL = 0;
				GCC_PREPROCESSOR_DEFINITIONS = (
					"DEBUG=1",
					"$(inherited)",
				);
				GCC_WARN_64_TO_32_BIT_CONVERSION = YES;
				GCC_WARN_ABOUT_RETURN_TYPE = YES_ERROR;
				GCC_WARN_UNDECLARED_SELECTOR = YES;
				GCC_WARN_UNINITIALIZED_AUTOS = YES_AGGRESSIVE;
				GCC_WARN_UNUSED_FUNCTION = YES;
				GCC_WARN_UNUSED_VARIABLE = YES;
				IPHONEOS_DEPLOYMENT_TARGET = 9.3;
				MTL_ENABLE_DEBUG_INFO = YES;
				ONLY_ACTIVE_ARCH = YES;
				SDKROOT = iphoneos;
				SWIFT_OPTIMIZATION_LEVEL = "-Onone";
				TARGETED_DEVICE_FAMILY = "1,2";
			};
			name = Debug;
		};
		8451DECD1D494FD7002B9B8C /* Release */ = {
			isa = XCBuildConfiguration;
			buildSettings = {
				ALWAYS_SEARCH_USER_PATHS = NO;
				CLANG_ANALYZER_NONNULL = YES;
				CLANG_CXX_LANGUAGE_STANDARD = "gnu++0x";
				CLANG_CXX_LIBRARY = "libc++";
				CLANG_ENABLE_MODULES = YES;
				CLANG_ENABLE_OBJC_ARC = YES;
				CLANG_WARN_BOOL_CONVERSION = YES;
				CLANG_WARN_CONSTANT_CONVERSION = YES;
				CLANG_WARN_DIRECT_OBJC_ISA_USAGE = YES_ERROR;
				CLANG_WARN_EMPTY_BODY = YES;
				CLANG_WARN_ENUM_CONVERSION = YES;
				CLANG_WARN_INT_CONVERSION = YES;
				CLANG_WARN_OBJC_ROOT_CLASS = YES_ERROR;
				CLANG_WARN_UNREACHABLE_CODE = YES;
				CLANG_WARN__DUPLICATE_METHOD_MATCH = YES;
				"CODE_SIGN_IDENTITY[sdk=iphoneos*]" = "iPhone Developer";
				COPY_PHASE_STRIP = NO;
				DEBUG_INFORMATION_FORMAT = "dwarf-with-dsym";
				ENABLE_NS_ASSERTIONS = NO;
				ENABLE_STRICT_OBJC_MSGSEND = YES;
				GCC_C_LANGUAGE_STANDARD = gnu99;
				GCC_NO_COMMON_BLOCKS = YES;
				GCC_WARN_64_TO_32_BIT_CONVERSION = YES;
				GCC_WARN_ABOUT_RETURN_TYPE = YES_ERROR;
				GCC_WARN_UNDECLARED_SELECTOR = YES;
				GCC_WARN_UNINITIALIZED_AUTOS = YES_AGGRESSIVE;
				GCC_WARN_UNUSED_FUNCTION = YES;
				GCC_WARN_UNUSED_VARIABLE = YES;
				IPHONEOS_DEPLOYMENT_TARGET = 9.3;
				MTL_ENABLE_DEBUG_INFO = NO;
				SDKROOT = iphoneos;
				TARGETED_DEVICE_FAMILY = "1,2";
				VALIDATE_PRODUCT = YES;
			};
			name = Release;
		};
		8451DECF1D494FD7002B9B8C /* Debug */ = {
			isa = XCBuildConfiguration;
			buildSettings = {
				ASSETCATALOG_COMPILER_APPICON_NAME = AppIcon;
				INFOPLIST_FILE = Photorama/Info.plist;
				LD_RUNPATH_SEARCH_PATHS = "$(inherited) @executable_path/Frameworks";
				PRODUCT_BUNDLE_IDENTIFIER = com.admin.Photorama;
				PRODUCT_NAME = "$(TARGET_NAME)";
			};
			name = Debug;
		};
		8451DED01D494FD7002B9B8C /* Release */ = {
			isa = XCBuildConfiguration;
			buildSettings = {
				ASSETCATALOG_COMPILER_APPICON_NAME = AppIcon;
				INFOPLIST_FILE = Photorama/Info.plist;
				LD_RUNPATH_SEARCH_PATHS = "$(inherited) @executable_path/Frameworks";
				PRODUCT_BUNDLE_IDENTIFIER = com.admin.Photorama;
				PRODUCT_NAME = "$(TARGET_NAME)";
			};
			name = Release;
		};
/* End XCBuildConfiguration section */

/* Begin XCConfigurationList section */
		8451DEB71D494FD7002B9B8C /* Build configuration list for PBXProject "Photorama" */ = {
			isa = XCConfigurationList;
			buildConfigurations = (
				8451DECC1D494FD7002B9B8C /* Debug */,
				8451DECD1D494FD7002B9B8C /* Release */,
			);
			defaultConfigurationIsVisible = 0;
			defaultConfigurationName = Release;
		};
		8451DECE1D494FD7002B9B8C /* Build configuration list for PBXNativeTarget "Photorama" */ = {
			isa = XCConfigurationList;
			buildConfigurations = (
				8451DECF1D494FD7002B9B8C /* Debug */,
				8451DED01D494FD7002B9B8C /* Release */,
			);
			defaultConfigurationIsVisible = 0;
			defaultConfigurationName = Release;
		};
/* End XCConfigurationList section */
	};
	rootObject = 8451DEB41D494FD7002B9B8C /* Project object */;
}
